# THIS IS AN AUTOGENERATED FILE. DO NOT EDIT THIS FILE DIRECTLY.
# yarn lockfile v1


"@babel/code-frame@^7.14.5":
  version "7.14.5"
  resolved "https://registry.nlark.com/@babel/code-frame/download/@babel/code-frame-7.14.5.tgz#23b08d740e83f49c5e59945fbf1b43e80bbf4edb"
  integrity sha1-I7CNdA6D9JxeWZRfvxtD6Au/Tts=
  dependencies:
    "@babel/highlight" "^7.14.5"

"@babel/compat-data@^7.15.0":
  version "7.15.0"
  resolved "https://registry.nlark.com/@babel/compat-data/download/@babel/compat-data-7.15.0.tgz#2dbaf8b85334796cafbb0f5793a90a2fc010b176"
  integrity sha1-Lbr4uFM0eWyvuw9Xk6kKL8AQsXY=

"@babel/core@^7.15.0":
  version "7.15.5"
  resolved "https://registry.nlark.com/@babel/core/download/@babel/core-7.15.5.tgz#f8ed9ace730722544609f90c9bb49162dc3bf5b9"
  integrity sha1-+O2aznMHIlRGCfkMm7SRYtw79bk=
  dependencies:
    "@babel/code-frame" "^7.14.5"
    "@babel/generator" "^7.15.4"
    "@babel/helper-compilation-targets" "^7.15.4"
    "@babel/helper-module-transforms" "^7.15.4"
    "@babel/helpers" "^7.15.4"
    "@babel/parser" "^7.15.5"
    "@babel/template" "^7.15.4"
    "@babel/traverse" "^7.15.4"
    "@babel/types" "^7.15.4"
    convert-source-map "^1.7.0"
    debug "^4.1.0"
    gensync "^1.0.0-beta.2"
    json5 "^2.1.2"
    semver "^6.3.0"
    source-map "^0.5.0"

"@babel/generator@^7.15.4":
  version "7.15.4"
  resolved "https://registry.nlark.com/@babel/generator/download/@babel/generator-7.15.4.tgz?cache=0&sync_timestamp=1630619281572&other_urls=https%3A%2F%2Fregistry.nlark.com%2F%40babel%2Fgenerator%2Fdownload%2F%40babel%2Fgenerator-7.15.4.tgz#85acb159a267ca6324f9793986991ee2022a05b0"
  integrity sha1-hayxWaJnymMk+Xk5hpke4gIqBbA=
  dependencies:
    "@babel/types" "^7.15.4"
    jsesc "^2.5.1"
    source-map "^0.5.0"

"@babel/helper-annotate-as-pure@^7.15.4":
  version "7.15.4"
  resolved "https://registry.nlark.com/@babel/helper-annotate-as-pure/download/@babel/helper-annotate-as-pure-7.15.4.tgz?cache=0&sync_timestamp=1630619283623&other_urls=https%3A%2F%2Fregistry.nlark.com%2F%40babel%2Fhelper-annotate-as-pure%2Fdownload%2F%40babel%2Fhelper-annotate-as-pure-7.15.4.tgz#3d0e43b00c5e49fdb6c57e421601a7a658d5f835"
  integrity sha1-PQ5DsAxeSf22xX5CFgGnpljV+DU=
  dependencies:
    "@babel/types" "^7.15.4"

"@babel/helper-compilation-targets@^7.15.4":
  version "7.15.4"
  resolved "https://registry.nlark.com/@babel/helper-compilation-targets/download/@babel/helper-compilation-targets-7.15.4.tgz#cf6d94f30fbefc139123e27dd6b02f65aeedb7b9"
  integrity sha1-z22U8w++/BORI+J91rAvZa7tt7k=
  dependencies:
    "@babel/compat-data" "^7.15.0"
    "@babel/helper-validator-option" "^7.14.5"
    browserslist "^4.16.6"
    semver "^6.3.0"

"@babel/helper-create-class-features-plugin@^7.15.4":
  version "7.15.4"
  resolved "https://registry.nlark.com/@babel/helper-create-class-features-plugin/download/@babel/helper-create-class-features-plugin-7.15.4.tgz?cache=0&other_urls=https%3A%2F%2Fregistry.nlark.com%2F%40babel%2Fhelper-create-class-features-plugin%2Fdownload%2F%40babel%2Fhelper-create-class-features-plugin-7.15.4.tgz#7f977c17bd12a5fba363cb19bea090394bf37d2e"
  integrity sha1-f5d8F70SpfujY8sZvqCQOUvzfS4=
  dependencies:
    "@babel/helper-annotate-as-pure" "^7.15.4"
    "@babel/helper-function-name" "^7.15.4"
    "@babel/helper-member-expression-to-functions" "^7.15.4"
    "@babel/helper-optimise-call-expression" "^7.15.4"
    "@babel/helper-replace-supers" "^7.15.4"
    "@babel/helper-split-export-declaration" "^7.15.4"

"@babel/helper-function-name@^7.15.4":
  version "7.15.4"
  resolved "https://registry.nlark.com/@babel/helper-function-name/download/@babel/helper-function-name-7.15.4.tgz?cache=0&other_urls=https%3A%2F%2Fregistry.nlark.com%2F%40babel%2Fhelper-function-name%2Fdownload%2F%40babel%2Fhelper-function-name-7.15.4.tgz#845744dafc4381a4a5fb6afa6c3d36f98a787ebc"
  integrity sha1-hFdE2vxDgaSl+2r6bD02+Yp4frw=
  dependencies:
    "@babel/helper-get-function-arity" "^7.15.4"
    "@babel/template" "^7.15.4"
    "@babel/types" "^7.15.4"

"@babel/helper-get-function-arity@^7.15.4":
  version "7.15.4"
  resolved "https://registry.nlark.com/@babel/helper-get-function-arity/download/@babel/helper-get-function-arity-7.15.4.tgz?cache=0&sync_timestamp=1630619280332&other_urls=https%3A%2F%2Fregistry.nlark.com%2F%40babel%2Fhelper-get-function-arity%2Fdownload%2F%40babel%2Fhelper-get-function-arity-7.15.4.tgz#098818934a137fce78b536a3e015864be1e2879b"
  integrity sha1-CYgYk0oTf854tTaj4BWGS+Hih5s=
  dependencies:
    "@babel/types" "^7.15.4"

"@babel/helper-hoist-variables@^7.15.4":
  version "7.15.4"
  resolved "https://registry.nlark.com/@babel/helper-hoist-variables/download/@babel/helper-hoist-variables-7.15.4.tgz?cache=0&sync_timestamp=1630619282917&other_urls=https%3A%2F%2Fregistry.nlark.com%2F%40babel%2Fhelper-hoist-variables%2Fdownload%2F%40babel%2Fhelper-hoist-variables-7.15.4.tgz#09993a3259c0e918f99d104261dfdfc033f178df"
  integrity sha1-CZk6MlnA6Rj5nRBCYd/fwDPxeN8=
  dependencies:
    "@babel/types" "^7.15.4"

"@babel/helper-member-expression-to-functions@^7.15.4":
  version "7.15.4"
  resolved "https://registry.nlark.com/@babel/helper-member-expression-to-functions/download/@babel/helper-member-expression-to-functions-7.15.4.tgz?cache=0&other_urls=https%3A%2F%2Fregistry.nlark.com%2F%40babel%2Fhelper-member-expression-to-functions%2Fdownload%2F%40babel%2Fhelper-member-expression-to-functions-7.15.4.tgz#bfd34dc9bba9824a4658b0317ec2fd571a51e6ef"
  integrity sha1-v9NNybupgkpGWLAxfsL9VxpR5u8=
  dependencies:
    "@babel/types" "^7.15.4"

"@babel/helper-module-imports@^7.10.4", "@babel/helper-module-imports@^7.15.4":
  version "7.15.4"
  resolved "https://registry.nlark.com/@babel/helper-module-imports/download/@babel/helper-module-imports-7.15.4.tgz?cache=0&sync_timestamp=1630619282311&other_urls=https%3A%2F%2Fregistry.nlark.com%2F%40babel%2Fhelper-module-imports%2Fdownload%2F%40babel%2Fhelper-module-imports-7.15.4.tgz#e18007d230632dea19b47853b984476e7b4e103f"
  integrity sha1-4YAH0jBjLeoZtHhTuYRHbntOED8=
  dependencies:
    "@babel/types" "^7.15.4"

"@babel/helper-module-transforms@^7.15.4":
  version "7.15.4"
  resolved "https://registry.nlark.com/@babel/helper-module-transforms/download/@babel/helper-module-transforms-7.15.4.tgz?cache=0&other_urls=https%3A%2F%2Fregistry.nlark.com%2F%40babel%2Fhelper-module-transforms%2Fdownload%2F%40babel%2Fhelper-module-transforms-7.15.4.tgz#962cc629a7f7f9a082dd62d0307fa75fe8788d7c"
  integrity sha1-lizGKaf3+aCC3WLQMH+nX+h4jXw=
  dependencies:
    "@babel/helper-module-imports" "^7.15.4"
    "@babel/helper-replace-supers" "^7.15.4"
    "@babel/helper-simple-access" "^7.15.4"
    "@babel/helper-split-export-declaration" "^7.15.4"
    "@babel/helper-validator-identifier" "^7.14.9"
    "@babel/template" "^7.15.4"
    "@babel/traverse" "^7.15.4"
    "@babel/types" "^7.15.4"

"@babel/helper-optimise-call-expression@^7.15.4":
  version "7.15.4"
  resolved "https://registry.nlark.com/@babel/helper-optimise-call-expression/download/@babel/helper-optimise-call-expression-7.15.4.tgz?cache=0&sync_timestamp=1630619283276&other_urls=https%3A%2F%2Fregistry.nlark.com%2F%40babel%2Fhelper-optimise-call-expression%2Fdownload%2F%40babel%2Fhelper-optimise-call-expression-7.15.4.tgz#f310a5121a3b9cc52d9ab19122bd729822dee171"
  integrity sha1-8xClEho7nMUtmrGRIr1ymCLe4XE=
  dependencies:
    "@babel/types" "^7.15.4"

"@babel/helper-plugin-utils@^7.14.5":
  version "7.14.5"
  resolved "https://registry.nlark.com/@babel/helper-plugin-utils/download/@babel/helper-plugin-utils-7.14.5.tgz?cache=0&sync_timestamp=1623280296194&other_urls=https%3A%2F%2Fregistry.nlark.com%2F%40babel%2Fhelper-plugin-utils%2Fdownload%2F%40babel%2Fhelper-plugin-utils-7.14.5.tgz#5ac822ce97eec46741ab70a517971e443a70c5a9"
  integrity sha1-WsgizpfuxGdBq3ClF5ceRDpwxak=

"@babel/helper-replace-supers@^7.15.4":
  version "7.15.4"
  resolved "https://registry.nlark.com/@babel/helper-replace-supers/download/@babel/helper-replace-supers-7.15.4.tgz?cache=0&other_urls=https%3A%2F%2Fregistry.nlark.com%2F%40babel%2Fhelper-replace-supers%2Fdownload%2F%40babel%2Fhelper-replace-supers-7.15.4.tgz#52a8ab26ba918c7f6dee28628b07071ac7b7347a"
  integrity sha1-UqirJrqRjH9t7ihiiwcHGse3NHo=
  dependencies:
    "@babel/helper-member-expression-to-functions" "^7.15.4"
    "@babel/helper-optimise-call-expression" "^7.15.4"
    "@babel/traverse" "^7.15.4"
    "@babel/types" "^7.15.4"

"@babel/helper-simple-access@^7.15.4":
  version "7.15.4"
  resolved "https://registry.nlark.com/@babel/helper-simple-access/download/@babel/helper-simple-access-7.15.4.tgz?cache=0&sync_timestamp=1630619284456&other_urls=https%3A%2F%2Fregistry.nlark.com%2F%40babel%2Fhelper-simple-access%2Fdownload%2F%40babel%2Fhelper-simple-access-7.15.4.tgz#ac368905abf1de8e9781434b635d8f8674bcc13b"
  integrity sha1-rDaJBavx3o6XgUNLY12PhnS8wTs=
  dependencies:
    "@babel/types" "^7.15.4"

"@babel/helper-split-export-declaration@^7.15.4":
  version "7.15.4"
  resolved "https://registry.nlark.com/@babel/helper-split-export-declaration/download/@babel/helper-split-export-declaration-7.15.4.tgz?cache=0&other_urls=https%3A%2F%2Fregistry.nlark.com%2F%40babel%2Fhelper-split-export-declaration%2Fdownload%2F%40babel%2Fhelper-split-export-declaration-7.15.4.tgz#aecab92dcdbef6a10aa3b62ab204b085f776e257"
  integrity sha1-rsq5Lc2+9qEKo7YqsgSwhfd24lc=
  dependencies:
    "@babel/types" "^7.15.4"

"@babel/helper-validator-identifier@^7.14.5", "@babel/helper-validator-identifier@^7.14.9":
  version "7.14.9"
  resolved "https://registry.nlark.com/@babel/helper-validator-identifier/download/@babel/helper-validator-identifier-7.14.9.tgz#6654d171b2024f6d8ee151bf2509699919131d48"
  integrity sha1-ZlTRcbICT22O4VG/JQlpmRkTHUg=

"@babel/helper-validator-option@^7.14.5":
  version "7.14.5"
  resolved "https://registry.nlark.com/@babel/helper-validator-option/download/@babel/helper-validator-option-7.14.5.tgz?cache=0&sync_timestamp=1623280304150&other_urls=https%3A%2F%2Fregistry.nlark.com%2F%40babel%2Fhelper-validator-option%2Fdownload%2F%40babel%2Fhelper-validator-option-7.14.5.tgz#6e72a1fff18d5dfcb878e1e62f1a021c4b72d5a3"
  integrity sha1-bnKh//GNXfy4eOHmLxoCHEty1aM=

"@babel/helpers@^7.15.4":
  version "7.15.4"
  resolved "https://registry.nlark.com/@babel/helpers/download/@babel/helpers-7.15.4.tgz?cache=0&other_urls=https%3A%2F%2Fregistry.nlark.com%2F%40babel%2Fhelpers%2Fdownload%2F%40babel%2Fhelpers-7.15.4.tgz#5f40f02050a3027121a3cf48d497c05c555eaf43"
  integrity sha1-X0DwIFCjAnEho89I1JfAXFVer0M=
  dependencies:
    "@babel/template" "^7.15.4"
    "@babel/traverse" "^7.15.4"
    "@babel/types" "^7.15.4"

"@babel/highlight@^7.14.5":
  version "7.14.5"
  resolved "https://registry.nlark.com/@babel/highlight/download/@babel/highlight-7.14.5.tgz#6861a52f03966405001f6aa534a01a24d99e8cd9"
  integrity sha1-aGGlLwOWZAUAH2qlNKAaJNmejNk=
  dependencies:
    "@babel/helper-validator-identifier" "^7.14.5"
    chalk "^2.0.0"
    js-tokens "^4.0.0"

"@babel/parser@^7.15.4", "@babel/parser@^7.15.5":
  version "7.15.5"
  resolved "https://registry.nlark.com/@babel/parser/download/@babel/parser-7.15.5.tgz?cache=0&sync_timestamp=1630746008183&other_urls=https%3A%2F%2Fregistry.nlark.com%2F%40babel%2Fparser%2Fdownload%2F%40babel%2Fparser-7.15.5.tgz#d33a58ca69facc05b26adfe4abebfed56c1c2dac"
  integrity sha1-0zpYymn6zAWyat/kq+v+1WwcLaw=

"@babel/plugin-syntax-jsx@^7.10.4":
  version "7.14.5"
  resolved "https://registry.nlark.com/@babel/plugin-syntax-jsx/download/@babel/plugin-syntax-jsx-7.14.5.tgz?cache=0&sync_timestamp=1623280424207&other_urls=https%3A%2F%2Fregistry.nlark.com%2F%40babel%2Fplugin-syntax-jsx%2Fdownload%2F%40babel%2Fplugin-syntax-jsx-7.14.5.tgz#000e2e25d8673cce49300517a3eda44c263e4201"
  integrity sha1-AA4uJdhnPM5JMAUXo+2kTCY+QgE=
  dependencies:
    "@babel/helper-plugin-utils" "^7.14.5"

"@babel/plugin-syntax-typescript@^7.14.5":
  version "7.14.5"
  resolved "https://registry.nlark.com/@babel/plugin-syntax-typescript/download/@babel/plugin-syntax-typescript-7.14.5.tgz?cache=0&sync_timestamp=1623281252012&other_urls=https%3A%2F%2Fregistry.nlark.com%2F%40babel%2Fplugin-syntax-typescript%2Fdownload%2F%40babel%2Fplugin-syntax-typescript-7.14.5.tgz#b82c6ce471b165b5ce420cf92914d6fb46225716"
  integrity sha1-uCxs5HGxZbXOQgz5KRTW+0YiVxY=
  dependencies:
    "@babel/helper-plugin-utils" "^7.14.5"

"@babel/plugin-transform-typescript@^7.15.0":
  version "7.15.4"
  resolved "https://registry.nlark.com/@babel/plugin-transform-typescript/download/@babel/plugin-transform-typescript-7.15.4.tgz#db7a062dcf8be5fc096bc0eeb40a13fbfa1fa251"
  integrity sha1-23oGLc+L5fwJa8DutAoT+/ofolE=
  dependencies:
    "@babel/helper-create-class-features-plugin" "^7.15.4"
    "@babel/helper-plugin-utils" "^7.14.5"
    "@babel/plugin-syntax-typescript" "^7.14.5"

"@babel/preset-typescript@^7.15.0":
  version "7.15.0"
  resolved "https://registry.nlark.com/@babel/preset-typescript/download/@babel/preset-typescript-7.15.0.tgz#e8fca638a1a0f64f14e1119f7fe4500277840945"
  integrity sha1-6PymOKGg9k8U4RGff+RQAneECUU=
  dependencies:
    "@babel/helper-plugin-utils" "^7.14.5"
    "@babel/helper-validator-option" "^7.14.5"
    "@babel/plugin-transform-typescript" "^7.15.0"

"@babel/template@^7.15.4":
  version "7.15.4"
  resolved "https://registry.nlark.com/@babel/template/download/@babel/template-7.15.4.tgz?cache=0&other_urls=https%3A%2F%2Fregistry.nlark.com%2F%40babel%2Ftemplate%2Fdownload%2F%40babel%2Ftemplate-7.15.4.tgz#51898d35dcf3faa670c4ee6afcfd517ee139f194"
  integrity sha1-UYmNNdzz+qZwxO5q/P1RfuE58ZQ=
  dependencies:
    "@babel/code-frame" "^7.14.5"
    "@babel/parser" "^7.15.4"
    "@babel/types" "^7.15.4"

"@babel/traverse@^7.15.4":
  version "7.15.4"
  resolved "https://registry.nlark.com/@babel/traverse/download/@babel/traverse-7.15.4.tgz?cache=0&other_urls=https%3A%2F%2Fregistry.nlark.com%2F%40babel%2Ftraverse%2Fdownload%2F%40babel%2Ftraverse-7.15.4.tgz#ff8510367a144bfbff552d9e18e28f3e2889c22d"
  integrity sha1-/4UQNnoUS/v/VS2eGOKPPiiJwi0=
  dependencies:
    "@babel/code-frame" "^7.14.5"
    "@babel/generator" "^7.15.4"
    "@babel/helper-function-name" "^7.15.4"
    "@babel/helper-hoist-variables" "^7.15.4"
    "@babel/helper-split-export-declaration" "^7.15.4"
    "@babel/parser" "^7.15.4"
    "@babel/types" "^7.15.4"
    debug "^4.1.0"
    globals "^11.1.0"

"@babel/types@^7.11.5", "@babel/types@^7.15.4":
  version "7.15.4"
  resolved "https://registry.nlark.com/@babel/types/download/@babel/types-7.15.4.tgz?cache=0&sync_timestamp=1630619278596&other_urls=https%3A%2F%2Fregistry.nlark.com%2F%40babel%2Ftypes%2Fdownload%2F%40babel%2Ftypes-7.15.4.tgz#74eeb86dbd6748d2741396557b9860e57fce0a0d"
  integrity sha1-dO64bb1nSNJ0E5ZVe5hg5X/OCg0=
  dependencies:
    "@babel/helper-validator-identifier" "^7.14.9"
    to-fast-properties "^2.0.0"

ansi-styles@^3.2.1:
  version "3.2.1"
  resolved "https://registry.nlark.com/ansi-styles/download/ansi-styles-3.2.1.tgz?cache=0&sync_timestamp=1618995588464&other_urls=https%3A%2F%2Fregistry.nlark.com%2Fansi-styles%2Fdownload%2Fansi-styles-3.2.1.tgz#41fbb20243e50b12be0f04b8dedbf07520ce841d"
  integrity sha1-QfuyAkPlCxK+DwS43tvwdSDOhB0=
  dependencies:
    color-convert "^1.9.0"

babel-plugin-jsx-dom-expressions@^0.29.15:
  version "0.29.15"
  resolved "https://registry.nlark.com/babel-plugin-jsx-dom-expressions/download/babel-plugin-jsx-dom-expressions-0.29.15.tgz#54bcc64771a8107162e47f4d731c34746afb2852"
  integrity sha1-VLzGR3GoEHFi5H9Ncxw0dGr7KFI=
  dependencies:
    "@babel/helper-module-imports" "^7.10.4"
    "@babel/plugin-syntax-jsx" "^7.10.4"
    "@babel/types" "^7.11.5"

babel-preset-solid@^1.1.1:
  version "1.1.2"
  resolved "https://registry.nlark.com/babel-preset-solid/download/babel-preset-solid-1.1.2.tgz#546ffebdd3cdbed678e44e269f2a9079e5b2f7cc"
  integrity sha1-VG/+vdPNvtZ45E4mnyqQeeWy98w=
  dependencies:
    babel-plugin-jsx-dom-expressions "^0.29.15"

browserslist@^4.16.6:
  version "4.16.8"
  resolved "https://registry.nlark.com/browserslist/download/browserslist-4.16.8.tgz#cb868b0b554f137ba6e33de0ecff2eda403c4fb0"
  integrity sha1-y4aLC1VPE3um4z3g7P8u2kA8T7A=
  dependencies:
    caniuse-lite "^1.0.30001251"
    colorette "^1.3.0"
    electron-to-chromium "^1.3.811"
    escalade "^3.1.1"
    node-releases "^1.1.75"

caniuse-lite@^1.0.30001251:
  version "1.0.30001254"
  resolved "https://registry.nlark.com/caniuse-lite/download/caniuse-lite-1.0.30001254.tgz?cache=0&sync_timestamp=1630741765081&other_urls=https%3A%2F%2Fregistry.nlark.com%2Fcaniuse-lite%2Fdownload%2Fcaniuse-lite-1.0.30001254.tgz#974d45e8b7f6e3b63d4b1435e97752717612d4b9"
  integrity sha1-l01F6Lf247Y9SxQ16XdScXYS1Lk=

chalk@^2.0.0:
  version "2.4.2"
  resolved "https://registry.nlark.com/chalk/download/chalk-2.4.2.tgz?cache=0&sync_timestamp=1627646655305&other_urls=https%3A%2F%2Fregistry.nlark.com%2Fchalk%2Fdownload%2Fchalk-2.4.2.tgz#cd42541677a54333cf541a49108c1432b44c9424"
  integrity sha1-zUJUFnelQzPPVBpJEIwUMrRMlCQ=
  dependencies:
    ansi-styles "^3.2.1"
    escape-string-regexp "^1.0.5"
    supports-color "^5.3.0"

color-convert@^1.9.0:
  version "1.9.3"
  resolved "https://registry.nlark.com/color-convert/download/color-convert-1.9.3.tgz#bb71850690e1f136567de629d2d5471deda4c1e8"
  integrity sha1-u3GFBpDh8TZWfeYp0tVHHe2kweg=
  dependencies:
    color-name "1.1.3"

color-name@1.1.3:
  version "1.1.3"
  resolved "https://registry.npm.taobao.org/color-name/download/color-name-1.1.3.tgz#a7d0558bd89c42f795dd42328f740831ca53bc25"
  integrity sha1-p9BVi9icQveV3UIyj3QIMcpTvCU=

colorette@^1.2.2, colorette@^1.3.0:
  version "1.3.0"
  resolved "https://registry.nlark.com/colorette/download/colorette-1.3.0.tgz#ff45d2f0edb244069d3b772adeb04fed38d0a0af"
  integrity sha1-/0XS8O2yRAadO3cq3rBP7TjQoK8=

convert-source-map@^1.7.0:
  version "1.8.0"
  resolved "https://registry.nlark.com/convert-source-map/download/convert-source-map-1.8.0.tgz?cache=0&sync_timestamp=1624045420970&other_urls=https%3A%2F%2Fregistry.nlark.com%2Fconvert-source-map%2Fdownload%2Fconvert-source-map-1.8.0.tgz#f3373c32d21b4d780dd8004514684fb791ca4369"
  integrity sha1-8zc8MtIbTXgN2ABFFGhPt5HKQ2k=
  dependencies:
    safe-buffer "~5.1.1"

debug@^4.1.0:
  version "4.3.2"
  resolved "https://registry.nlark.com/debug/download/debug-4.3.2.tgz?cache=0&sync_timestamp=1625374648057&other_urls=https%3A%2F%2Fregistry.nlark.com%2Fdebug%2Fdownload%2Fdebug-4.3.2.tgz#f0a49c18ac8779e31d4a0c6029dfb76873c7428b"
  integrity sha1-8KScGKyHeeMdSgxgKd+3aHPHQos=
  dependencies:
    ms "2.1.2"

electron-to-chromium@^1.3.811:
  version "1.3.830"
  resolved "https://registry.nlark.com/electron-to-chromium/download/electron-to-chromium-1.3.830.tgz?cache=0&other_urls=https%3A%2F%2Fregistry.nlark.com%2Felectron-to-chromium%2Fdownload%2Felectron-to-chromium-1.3.830.tgz#40e3144204f8ca11b2cebec83cf14c20d3499236"
  integrity sha1-QOMUQgT4yhGyzr7IPPFMINNJkjY=

esbuild@^0.12.17:
  version "0.12.25"
  resolved "https://registry.nlark.com/esbuild/download/esbuild-0.12.25.tgz?cache=0&sync_timestamp=1630599131917&other_urls=https%3A%2F%2Fregistry.nlark.com%2Fesbuild%2Fdownload%2Fesbuild-0.12.25.tgz#c2131cef022cf9fe94aaa5e00110b27fc976221a"
  integrity sha1-whMc7wIs+f6UqqXgARCyf8l2Iho=

escalade@^3.1.1:
  version "3.1.1"
  resolved "https://registry.npm.taobao.org/escalade/download/escalade-3.1.1.tgz#d8cfdc7000965c5a0174b4a82eaa5c0552742e40"
  integrity sha1-2M/ccACWXFoBdLSoLqpcBVJ0LkA=

escape-string-regexp@^1.0.5:
  version "1.0.5"
  resolved "https://registry.nlark.com/escape-string-regexp/download/escape-string-regexp-1.0.5.tgz#1b61c0562190a8dff6ae3bb2cf0200ca130b86d4"
  integrity sha1-G2HAViGQqN/2rjuyzwIAyhMLhtQ=

fsevents@~2.3.2:
  version "2.3.2"
  resolved "https://registry.nlark.com/fsevents/download/fsevents-2.3.2.tgz#8a526f78b8fdf4623b709e0b975c52c24c02fd1a"
  integrity sha1-ilJveLj99GI7cJ4Ll1xSwkwC/Ro=

function-bind@^1.1.1:
  version "1.1.1"
  resolved "https://registry.nlark.com/function-bind/download/function-bind-1.1.1.tgz#a56899d3ea3c9bab874bb9773b7c5ede92f4895d"
  integrity sha1-pWiZ0+o8m6uHS7l3O3xe3pL0iV0=

gensync@^1.0.0-beta.2:
  version "1.0.0-beta.2"
  resolved "https://registry.nlark.com/gensync/download/gensync-1.0.0-beta.2.tgz#32a6ee76c3d7f52d46b2b1ae5d93fea8580a25e0"
  integrity sha1-MqbudsPX9S1GsrGuXZP+qFgKJeA=

globals@^11.1.0:
  version "11.12.0"
  resolved "https://registry.nlark.com/globals/download/globals-11.12.0.tgz#ab8795338868a0babd8525758018c2a7eb95c42e"
  integrity sha1-q4eVM4hooLq9hSV1gBjCp+uVxC4=

has-flag@^3.0.0:
  version "3.0.0"
  resolved "https://registry.nlark.com/has-flag/download/has-flag-3.0.0.tgz?cache=0&sync_timestamp=1626715907927&other_urls=https%3A%2F%2Fregistry.nlark.com%2Fhas-flag%2Fdownload%2Fhas-flag-3.0.0.tgz#b5d454dc2199ae225699f3467e5a07f3b955bafd"
  integrity sha1-tdRU3CGZriJWmfNGfloH87lVuv0=

has@^1.0.3:
  version "1.0.3"
  resolved "https://registry.nlark.com/has/download/has-1.0.3.tgz#722d7cbfc1f6aa8241f16dd814e011e1f41e8796"
  integrity sha1-ci18v8H2qoJB8W3YFOAR4fQeh5Y=
  dependencies:
    function-bind "^1.1.1"

is-core-module@^2.2.0:
  version "2.6.0"
  resolved "https://registry.nlark.com/is-core-module/download/is-core-module-2.6.0.tgz?cache=0&sync_timestamp=1629224905008&other_urls=https%3A%2F%2Fregistry.nlark.com%2Fis-core-module%2Fdownload%2Fis-core-module-2.6.0.tgz#d7553b2526fe59b92ba3e40c8df757ec8a709e19"
  integrity sha1-11U7JSb+Wbkro+QMjfdX7Ipwnhk=
  dependencies:
    has "^1.0.3"

is-what@^3.14.1:
  version "3.14.1"
  resolved "https://registry.nlark.com/is-what/download/is-what-3.14.1.tgz#e1222f46ddda85dead0fd1c9df131760e77755c1"
  integrity sha1-4SIvRt3ahd6tD9HJ3xMXYOd3VcE=

js-tokens@^4.0.0:
  version "4.0.0"
  resolved "https://registry.nlark.com/js-tokens/download/js-tokens-4.0.0.tgz#19203fb59991df98e3a287050d4647cdeaf32499"
  integrity sha1-GSA/tZmR35jjoocFDUZHzerzJJk=

jsesc@^2.5.1:
  version "2.5.2"
  resolved "https://registry.nlark.com/jsesc/download/jsesc-2.5.2.tgz#80564d2e483dacf6e8ef209650a67df3f0c283a4"
  integrity sha1-gFZNLkg9rPbo7yCWUKZ98/DCg6Q=

json5@^2.1.2:
  version "2.2.0"
  resolved "https://registry.npm.taobao.org/json5/download/json5-2.2.0.tgz#2dfefe720c6ba525d9ebd909950f0515316c89a3"
  integrity sha1-Lf7+cgxrpSXZ69kJlQ8FFTFsiaM=
  dependencies:
    minimist "^1.2.5"

merge-anything@^4.0.1:
  version "4.0.1"
  resolved "https://registry.npm.taobao.org/merge-anything/download/merge-anything-4.0.1.tgz?cache=0&sync_timestamp=1614325410344&other_urls=https%3A%2F%2Fregistry.npm.taobao.org%2Fmerge-anything%2Fdownload%2Fmerge-anything-4.0.1.tgz#5c837cfa7adbb65fa5a4df178b37312493cb3609"
  integrity sha1-XIN8+nrbtl+lpN8XizcxJJPLNgk=
  dependencies:
    is-what "^3.14.1"
    ts-toolbelt "^9.3.12"

milligram@^1.4.1:
  version "1.4.1"
  resolved "https://registry.nlark.com/milligram/download/milligram-1.4.1.tgz#6c8c781541b0d994ccca784c60f0aca1f7104b42"
  integrity sha1-bIx4FUGw2ZTMynhMYPCsofcQS0I=
  dependencies:
    normalize.css "~8.0.1"

minimist@^1.2.5:
  version "1.2.5"
  resolved "https://registry.npm.taobao.org/minimist/download/minimist-1.2.5.tgz#67d66014b66a6a8aaa0c083c5fd58df4e4e97602"
  integrity sha1-Z9ZgFLZqaoqqDAg8X9WN9OTpdgI=

ms@2.1.2:
  version "2.1.2"
  resolved "https://registry.nlark.com/ms/download/ms-2.1.2.tgz?cache=0&sync_timestamp=1629910562433&other_urls=https%3A%2F%2Fregistry.nlark.com%2Fms%2Fdownload%2Fms-2.1.2.tgz#d09d1f357b443f493382a8eb3ccd183872ae6009"
  integrity sha1-0J0fNXtEP0kzgqjrPM0YOHKuYAk=

nanoid@^3.1.23:
  version "3.1.25"
  resolved "https://registry.nlark.com/nanoid/download/nanoid-3.1.25.tgz?cache=0&sync_timestamp=1628771923493&other_urls=https%3A%2F%2Fregistry.nlark.com%2Fnanoid%2Fdownload%2Fnanoid-3.1.25.tgz#09ca32747c0e543f0e1814b7d3793477f9c8e152"
  integrity sha1-CcoydHwOVD8OGBS303k0d/nI4VI=

node-releases@^1.1.75:
  version "1.1.75"
  resolved "https://registry.nlark.com/node-releases/download/node-releases-1.1.75.tgz?cache=0&sync_timestamp=1629280398871&other_urls=https%3A%2F%2Fregistry.nlark.com%2Fnode-releases%2Fdownload%2Fnode-releases-1.1.75.tgz#6dd8c876b9897a1b8e5a02de26afa79bb54ebbfe"
  integrity sha1-bdjIdrmJehuOWgLeJq+nm7VOu/4=

normalize.css@~8.0.1:
  version "8.0.1"
  resolved "https://registry.npm.taobao.org/normalize.css/download/normalize.css-8.0.1.tgz#9b98a208738b9cc2634caacbc42d131c97487bf3"
  integrity sha1-m5iiCHOLnMJjTKrLxC0THJdIe/M=

path-parse@^1.0.6:
  version "1.0.7"
  resolved "https://registry.nlark.com/path-parse/download/path-parse-1.0.7.tgz#fbc114b60ca42b30d9daf5858e4bd68bbedb6735"
  integrity sha1-+8EUtgykKzDZ2vWFjkvWi77bZzU=

postcss@^8.3.6:
  version "8.3.6"
  resolved "https://registry.nlark.com/postcss/download/postcss-8.3.6.tgz?cache=0&sync_timestamp=1626882933935&other_urls=https%3A%2F%2Fregistry.nlark.com%2Fpostcss%2Fdownload%2Fpostcss-8.3.6.tgz#2730dd76a97969f37f53b9a6096197be311cc4ea"
  integrity sha1-JzDddql5afN/U7mmCWGXvjEcxOo=
  dependencies:
    colorette "^1.2.2"
    nanoid "^3.1.23"
    source-map-js "^0.6.2"

resolve@^1.20.0:
  version "1.20.0"
  resolved "https://registry.npm.taobao.org/resolve/download/resolve-1.20.0.tgz#629a013fb3f70755d6f0b7935cc1c2c5378b1975"
  integrity sha1-YpoBP7P3B1XW8LeTXMHCxTeLGXU=
  dependencies:
    is-core-module "^2.2.0"
    path-parse "^1.0.6"

rollup@^2.38.5:
  version "2.56.3"
  resolved "https://registry.nlark.com/rollup/download/rollup-2.56.3.tgz#b63edadd9851b0d618a6d0e6af8201955a77aeff"
  integrity sha1-tj7a3ZhRsNYYptDmr4IBlVp3rv8=
  optionalDependencies:
    fsevents "~2.3.2"

safe-buffer@~5.1.1:
  version "5.1.2"
  resolved "https://registry.nlark.com/safe-buffer/download/safe-buffer-5.1.2.tgz#991ec69d296e0313747d59bdfd2b745c35f8828d"
  integrity sha1-mR7GnSluAxN0fVm9/St0XDX4go0=

semver@^6.3.0:
  version "6.3.0"
  resolved "https://registry.nlark.com/semver/download/semver-6.3.0.tgz?cache=0&sync_timestamp=1618846864940&other_urls=https%3A%2F%2Fregistry.nlark.com%2Fsemver%2Fdownload%2Fsemver-6.3.0.tgz#ee0a64c8af5e8ceea67687b133761e1becbd1d3d"
  integrity sha1-7gpkyK9ejO6mdoexM3YeG+y9HT0=

solid-js@^1.1.1:
  version "1.1.2"
  resolved "https://registry.nlark.com/solid-js/download/solid-js-1.1.2.tgz#676e5cdcee7bf775978e20fa6d82e5e603f519d9"
  integrity sha1-Z25c3O5793WXjiD6bYLl5gP1Gdk=

solid-refresh@^0.2.2:
  version "0.2.2"
  resolved "https://registry.nlark.com/solid-refresh/download/solid-refresh-0.2.2.tgz#c4200cab2fb7e55dc6b2ec5df510b9428646ff59"
  integrity sha1-xCAMqy+35V3Gsuxd9RC5QoZG/1k=

source-map-js@^0.6.2:
  version "0.6.2"
  resolved "https://registry.npm.taobao.org/source-map-js/download/source-map-js-0.6.2.tgz#0bb5de631b41cfbda6cfba8bd05a80efdfd2385e"
  integrity sha1-C7XeYxtBz72mz7qL0FqA79/SOF4=

source-map@^0.5.0:
  version "0.5.7"
  resolved "https://registry.nlark.com/source-map/download/source-map-0.5.7.tgz#8a039d2d1021d22d1ea14c80d8ea468ba2ef3fcc"
  integrity sha1-igOdLRAh0i0eoUyA2OpGi6LvP8w=

supports-color@^5.3.0:
  version "5.5.0"
  resolved "https://registry.nlark.com/supports-color/download/supports-color-5.5.0.tgz#e2e69a44ac8772f78a1ec0b35b689df6530efc8f"
  integrity sha1-4uaaRKyHcveKHsCzW2id9lMO/I8=
  dependencies:
    has-flag "^3.0.0"

to-fast-properties@^2.0.0:
  version "2.0.0"
  resolved "https://registry.nlark.com/to-fast-properties/download/to-fast-properties-2.0.0.tgz?cache=0&sync_timestamp=1628418893613&other_urls=https%3A%2F%2Fregistry.nlark.com%2Fto-fast-properties%2Fdownload%2Fto-fast-properties-2.0.0.tgz#dc5e698cbd079265bc73e0377681a4e4e83f616e"
  integrity sha1-3F5pjL0HkmW8c+A3doGk5Og/YW4=

ts-toolbelt@^9.3.12:
  version "9.6.0"
  resolved "https://registry.npm.taobao.org/ts-toolbelt/download/ts-toolbelt-9.6.0.tgz#50a25426cfed500d4a09bd1b3afb6f28879edfd5"
  integrity sha1-UKJUJs/tUA1KCb0bOvtvKIee39U=

vite-plugin-solid@^2.0.3:
  version "2.0.3"
  resolved "https://registry.nlark.com/vite-plugin-solid/download/vite-plugin-solid-2.0.3.tgz#662c805ea593b79362439d4e16d77c716c24c403"
  integrity sha1-ZiyAXqWTt5NiQ51OFtd8cWwkxAM=
  dependencies:
    "@babel/core" "^7.15.0"
    "@babel/preset-typescript" "^7.15.0"
    babel-preset-solid "^1.1.1"
    merge-anything "^4.0.1"
    solid-js "^1.1.1"
    solid-refresh "^0.2.2"
    vite "^2.5.1"

vite@^2.5.1:
  version "2.5.3"
  resolved "https://registry.nlark.com/vite/download/vite-2.5.3.tgz#88d40a9efb9bec66bd87a7676c5689f35ff63742"
  integrity sha1-iNQKnvub7Ga9h6dnbFaJ81/2N0I=
  dependencies:
    esbuild "^0.12.17"
    postcss "^8.3.6"
    resolve "^1.20.0"
    rollup "^2.38.5"
  optionalDependencies:
    fsevents "~2.3.2"
